# This file is automatically @generated by Cargo.
# It is not intended for manual editing.
version = 4

[[package]]
name = "faucet-addr-wasm"
version = "0.1.0"
dependencies = [
 "faucet-core",
]

[[package]]
name = "faucet-core"
version = "0.1.0"

[[package]]
name = "faucet-signer"
version = "0.1.0"
dependencies = [
 "faucet-core",
]

[[package]]
name = "faucet-worker"
version = "0.1.0"
dependencies = [
 "faucet-core",
]
